
Microsoft Visual Studio Solution File, Format Version 12.00
# Visual Studio Version 16
VisualStudioVersion = 16.0.29215.179
MinimumVisualStudioVersion = 10.0.40219.1
Project("{FAE04EC0-301F-11D3-BF4B-00C04F79EFBC}") = "prjPetClinic", "prjPetClinic\prjPetClinic.csproj", "{7AD18AE2-7F5E-4816-B631-61BBA1C25ECC}"
EndProject
Global
	GlobalSection(SolutionConfigurationPlatforms) = preSolution
		Debug|Any CPU = Debug|Any CPU
		Release|Any CPU = Release|Any CPU
	EndGlobalSection
	GlobalSection(ProjectConfigurationPlatforms) = postSolution
		{7AD18AE2-7F5E-4816-B631-61BBA1C25ECC}.Debug|Any CPU.ActiveCfg = Debug|Any CPU
		{7AD18AE2-7F5E-4816-B631-61BBA1C25ECC}.Debug|Any CPU.Build.0 = Debug|Any CPU
		{7AD18AE2-7F5E-4816-B631-61BBA1C25ECC}.Release|Any CPU.ActiveCfg = Release|Any CPU
		{7AD18AE2-7F5E-4816-B631-61BBA1C25ECC}.Release|Any CPU.Build.0 = Release|Any CPU
	EndGlobalSection
	GlobalSection(SolutionProperties) = preSolution
		HideSolutionNode = FALSE
	EndGlobalSection
	GlobalSection(ExtensibilityGlobals) = postSolution
		SolutionGuid = {20B0364F-7841-4A24-B279-02FBB3DEE00B}
	EndGlobalSection
EndGlobal
